
Microsoft Visual Studio Solution File, Format Version 12.00
# Visual Studio 15
Project("{FAE04EC0-301F-11D3-BF4B-00C04F79EFBC}") = "graphgl", "graphgl\graphgl.csproj", "{134814A1-A680-43CD-950E-FED36304470C}"
EndProject
Global
	GlobalSection(SolutionConfigurationPlatforms) = preSolution
		Debug|anycpu = Debug|anycpu
		Release|anycpu = Release|anycpu
	EndGlobalSection
	GlobalSection(ProjectConfigurationPlatforms) = postSolution
		{134814A1-A680-43CD-950E-FED36304470C}.Debug|anycpu.ActiveCfg = Debug|anycpu
		{134814A1-A680-43CD-950E-FED36304470C}.Debug|anycpu.Build.0 = Debug|anycpu
		{134814A1-A680-43CD-950E-FED36304470C}.Release|anycpu.ActiveCfg = Release|anycpu
		{134814A1-A680-43CD-950E-FED36304470C}.Release|anycpu.Build.0 = Release|anycpu
	EndGlobalSection
EndGlobal
